
Microsoft Visual Studio Solution File, Format Version 12.00
# Visual Studio 2013
VisualStudioVersion = 12.0.30501.0
MinimumVisualStudioVersion = 10.0.40219.1
Project("{FAE04EC0-301F-11D3-BF4B-00C04F79EFBC}") = "Template.Web", "Template.Web\Template.Web.csproj", "{5E9E7C67-8A8F-4FB2-A947-32AEFFEFD800}"
EndProject
Project("{FAE04EC0-301F-11D3-BF4B-00C04F79EFBC}") = "Template.Data.Models", "..\Common\Template.Data.Models\Template.Data.Models.csproj", "{03FE7175-596B-4D57-823E-8D783881FB0D}"
EndProject
Project("{FAE04EC0-301F-11D3-BF4B-00C04F79EFBC}") = "Template.Data.Interfaces", "..\Common\Template.Data.Interfaces\Template.Data.Interfaces.csproj", "{F32FBC47-84B0-4949-B1E7-997C51A9B7E6}"
EndProject
Project("{FAE04EC0-301F-11D3-BF4B-00C04F79EFBC}") = "Template.Data", "..\Common\Template.Data\Template.Data.csproj", "{20DF06E0-0A4F-42EF-A6BE-2DB1C5F8D62D}"
EndProject
Project("{FAE04EC0-301F-11D3-BF4B-00C04F79EFBC}") = "Template.Services.Interfaces", "..\Common\Template.Services.Interfaces\Template.Services.Interfaces.csproj", "{FC9EF515-88D8-4366-BF4F-9FD08CE5138D}"
EndProject
Project("{FAE04EC0-301F-11D3-BF4B-00C04F79EFBC}") = "Template.Services", "..\Common\Template.Services\Template.Services.csproj", "{7EB46C18-FDC2-4C7A-84D7-B1A7C43190EF}"
EndProject
Project("{FAE04EC0-301F-11D3-BF4B-00C04F79EFBC}") = "Template.Web.Common", "..\Common\Template.Web.Common\Template.Web.Common.csproj", "{5EEBB14D-2BF8-45E3-BDEC-CE99044AC0D8}"
EndProject
Global
	GlobalSection(SolutionConfigurationPlatforms) = preSolution
		Debug|Any CPU = Debug|Any CPU
		Release|Any CPU = Release|Any CPU
	EndGlobalSection
	GlobalSection(ProjectConfigurationPlatforms) = postSolution
		{5E9E7C67-8A8F-4FB2-A947-32AEFFEFD800}.Debug|Any CPU.ActiveCfg = Debug|Any CPU
		{5E9E7C67-8A8F-4FB2-A947-32AEFFEFD800}.Debug|Any CPU.Build.0 = Debug|Any CPU
		{5E9E7C67-8A8F-4FB2-A947-32AEFFEFD800}.Release|Any CPU.ActiveCfg = Release|Any CPU
		{5E9E7C67-8A8F-4FB2-A947-32AEFFEFD800}.Release|Any CPU.Build.0 = Release|Any CPU
		{03FE7175-596B-4D57-823E-8D783881FB0D}.Debug|Any CPU.ActiveCfg = Debug|Any CPU
		{03FE7175-596B-4D57-823E-8D783881FB0D}.Debug|Any CPU.Build.0 = Debug|Any CPU
		{03FE7175-596B-4D57-823E-8D783881FB0D}.Release|Any CPU.ActiveCfg = Release|Any CPU
		{03FE7175-596B-4D57-823E-8D783881FB0D}.Release|Any CPU.Build.0 = Release|Any CPU
		{F32FBC47-84B0-4949-B1E7-997C51A9B7E6}.Debug|Any CPU.ActiveCfg = Debug|Any CPU
		{F32FBC47-84B0-4949-B1E7-997C51A9B7E6}.Debug|Any CPU.Build.0 = Debug|Any CPU
		{F32FBC47-84B0-4949-B1E7-997C51A9B7E6}.Release|Any CPU.ActiveCfg = Release|Any CPU
		{F32FBC47-84B0-4949-B1E7-997C51A9B7E6}.Release|Any CPU.Build.0 = Release|Any CPU
		{20DF06E0-0A4F-42EF-A6BE-2DB1C5F8D62D}.Debug|Any CPU.ActiveCfg = Debug|Any CPU
		{20DF06E0-0A4F-42EF-A6BE-2DB1C5F8D62D}.Debug|Any CPU.Build.0 = Debug|Any CPU
		{20DF06E0-0A4F-42EF-A6BE-2DB1C5F8D62D}.Release|Any CPU.ActiveCfg = Release|Any CPU
		{20DF06E0-0A4F-42EF-A6BE-2DB1C5F8D62D}.Release|Any CPU.Build.0 = Release|Any CPU
		{FC9EF515-88D8-4366-BF4F-9FD08CE5138D}.Debug|Any CPU.ActiveCfg = Debug|Any CPU
		{FC9EF515-88D8-4366-BF4F-9FD08CE5138D}.Debug|Any CPU.Build.0 = Debug|Any CPU
		{FC9EF515-88D8-4366-BF4F-9FD08CE5138D}.Release|Any CPU.ActiveCfg = Release|Any CPU
		{FC9EF515-88D8-4366-BF4F-9FD08CE5138D}.Release|Any CPU.Build.0 = Release|Any CPU
		{7EB46C18-FDC2-4C7A-84D7-B1A7C43190EF}.Debug|Any CPU.ActiveCfg = Debug|Any CPU
		{7EB46C18-FDC2-4C7A-84D7-B1A7C43190EF}.Debug|Any CPU.Build.0 = Debug|Any CPU
		{7EB46C18-FDC2-4C7A-84D7-B1A7C43190EF}.Release|Any CPU.ActiveCfg = Release|Any CPU
		{7EB46C18-FDC2-4C7A-84D7-B1A7C43190EF}.Release|Any CPU.Build.0 = Release|Any CPU
		{5EEBB14D-2BF8-45E3-BDEC-CE99044AC0D8}.Debug|Any CPU.ActiveCfg = Debug|Any CPU
		{5EEBB14D-2BF8-45E3-BDEC-CE99044AC0D8}.Debug|Any CPU.Build.0 = Debug|Any CPU
		{5EEBB14D-2BF8-45E3-BDEC-CE99044AC0D8}.Release|Any CPU.ActiveCfg = Release|Any CPU
		{5EEBB14D-2BF8-45E3-BDEC-CE99044AC0D8}.Release|Any CPU.Build.0 = Release|Any CPU
	EndGlobalSection
	GlobalSection(SolutionProperties) = preSolution
		HideSolutionNode = FALSE
	EndGlobalSection
EndGlobal
